
Microsoft Visual Studio Solution File, Format Version 12.00
# Visual Studio Version 16
VisualStudioVersion = 16.0.31019.35
MinimumVisualStudioVersion = 10.0.40219.1
Project("{FAE04EC0-301F-11D3-BF4B-00C04F79EFBC}") = "ERASimulator", "ERASimulator\ERASimulator.csproj", "{5BD98754-14FE-458C-9ED2-77C91E8050EC}"
EndProject
Global
	GlobalSection(SolutionConfigurationPlatforms) = preSolution
		Debug|Any CPU = Debug|Any CPU
		Release|Any CPU = Release|Any CPU
	EndGlobalSection
	GlobalSection(ProjectConfigurationPlatforms) = postSolution
		{5BD98754-14FE-458C-9ED2-77C91E8050EC}.Debug|Any CPU.ActiveCfg = Debug|Any CPU
		{5BD98754-14FE-458C-9ED2-77C91E8050EC}.Debug|Any CPU.Build.0 = Debug|Any CPU
		{5BD98754-14FE-458C-9ED2-77C91E8050EC}.Release|Any CPU.ActiveCfg = Release|Any CPU
		{5BD98754-14FE-458C-9ED2-77C91E8050EC}.Release|Any CPU.Build.0 = Release|Any CPU
	EndGlobalSection
	GlobalSection(SolutionProperties) = preSolution
		HideSolutionNode = FALSE
	EndGlobalSection
	GlobalSection(ExtensibilityGlobals) = postSolution
		SolutionGuid = {A89C97B4-553E-46EE-A9EB-8ADF2857E3EB}
	EndGlobalSection
EndGlobal
